
Microsoft Visual Studio Solution File, Format Version 12.00
# Visual Studio Version 17
VisualStudioVersion = 17.11.35303.130
MinimumVisualStudioVersion = 10.0.40219.1
Project("{FAE04EC0-301F-11D3-BF4B-00C04F79EFBC}") = "Common", "Common\Common.csproj", "{86BFF6D1-7C13-4798-B217-A608F00AA7C4}"
EndProject
Project("{FAE04EC0-301F-11D3-BF4B-00C04F79EFBC}") = "Datenstrukturen", "Datenstrukturen\Datenstrukturen.csproj", "{F8806E88-DBB9-4204-AB12-A149C0A6E9E9}"
EndProject
Project("{FAE04EC0-301F-11D3-BF4B-00C04F79EFBC}") = "DatenstrukturenTests", "DatenstrukturenTests\DatenstrukturenTests.csproj", "{C0E61275-0EC2-48AE-9D88-6BFAE1576A45}"
EndProject
Global
	GlobalSection(SolutionConfigurationPlatforms) = preSolution
		Debug|Any CPU = Debug|Any CPU
		Release|Any CPU = Release|Any CPU
	EndGlobalSection
	GlobalSection(ProjectConfigurationPlatforms) = postSolution
		{86BFF6D1-7C13-4798-B217-A608F00AA7C4}.Debug|Any CPU.ActiveCfg = Debug|Any CPU
		{86BFF6D1-7C13-4798-B217-A608F00AA7C4}.Debug|Any CPU.Build.0 = Debug|Any CPU
		{86BFF6D1-7C13-4798-B217-A608F00AA7C4}.Release|Any CPU.ActiveCfg = Release|Any CPU
		{86BFF6D1-7C13-4798-B217-A608F00AA7C4}.Release|Any CPU.Build.0 = Release|Any CPU
		{F8806E88-DBB9-4204-AB12-A149C0A6E9E9}.Debug|Any CPU.ActiveCfg = Debug|Any CPU
		{F8806E88-DBB9-4204-AB12-A149C0A6E9E9}.Debug|Any CPU.Build.0 = Debug|Any CPU
		{F8806E88-DBB9-4204-AB12-A149C0A6E9E9}.Release|Any CPU.ActiveCfg = Release|Any CPU
		{F8806E88-DBB9-4204-AB12-A149C0A6E9E9}.Release|Any CPU.Build.0 = Release|Any CPU
		{C0E61275-0EC2-48AE-9D88-6BFAE1576A45}.Debug|Any CPU.ActiveCfg = Debug|Any CPU
		{C0E61275-0EC2-48AE-9D88-6BFAE1576A45}.Debug|Any CPU.Build.0 = Debug|Any CPU
		{C0E61275-0EC2-48AE-9D88-6BFAE1576A45}.Release|Any CPU.ActiveCfg = Release|Any CPU
		{C0E61275-0EC2-48AE-9D88-6BFAE1576A45}.Release|Any CPU.Build.0 = Release|Any CPU
	EndGlobalSection
	GlobalSection(SolutionProperties) = preSolution
		HideSolutionNode = FALSE
	EndGlobalSection
	GlobalSection(ExtensibilityGlobals) = postSolution
		SolutionGuid = {342E0F13-3717-45E4-BF86-3CBDD946186D}
	EndGlobalSection
EndGlobal
